// !$*UTF8*$!
{
	archiveVersion = 1;
	classes = {
	};
	objectVersion = 56;
	objects = {

/* Begin PBXBuildFile section */
		9C39A6462CB0C0F9003F6983 /* BlossomVisionApp.swift in Sources */ = {isa = PBXBuildFile; fileRef = 9C39A6452CB0C0F9003F6983 /* BlossomVisionApp.swift */; };
		9C39A6482CB0C0F9003F6983 /* ContentView.swift in Sources */ = {isa = PBXBuildFile; fileRef = 9C39A6472CB0C0F9003F6983 /* ContentView.swift */; };
		9C39A64A2CB0C0FB003F6983 /* Assets.xcassets in Resources */ = {isa = PBXBuildFile; fileRef = 9C39A6492CB0C0FB003F6983 /* Assets.xcassets */; };
		9C39A64D2CB0C0FB003F6983 /* Preview Assets.xcassets in Resources */ = {isa = PBXBuildFile; fileRef = 9C39A64C2CB0C0FB003F6983 /* Preview Assets.xcassets */; };
		9C39A6562CB21AF5003F6983 /* FlowerClassifier.mlmodel in Sources */ = {isa = PBXBuildFile; fileRef = 9C39A6552CB21AF5003F6983 /* FlowerClassifier.mlmodel */; };
		9C39A6632CBDAB83003F6983 /* CameraManager.swift in Sources */ = {isa = PBXBuildFile; fileRef = 9C39A6622CBDAB83003F6983 /* CameraManager.swift */; };
		9C39A6672CBDB533003F6983 /* Extension.swift in Sources */ = {isa = PBXBuildFile; fileRef = 9C39A6662CBDB533003F6983 /* Extension.swift */; };
		9C39A6692CBDBA9C003F6983 /* ViewModel.swift in Sources */ = {isa = PBXBuildFile; fileRef = 9C39A6682CBDBA9C003F6983 /* ViewModel.swift */; };
		9C39A66D2CBDC2D7003F6983 /* .gitignore in Resources */ = {isa = PBXBuildFile; fileRef = 9C39A66C2CBDC2D7003F6983 /* .gitignore */; };
		9C39A66F2CC0BC7F003F6983 /* PredictView.swift in Sources */ = {isa = PBXBuildFile; fileRef = 9C39A66E2CC0BC7F003F6983 /* PredictView.swift */; };
/* End PBXBuildFile section */

/* Begin PBXFileReference section */
		9C39A6422CB0C0F9003F6983 /* BlossomVision.app */ = {isa = PBXFileReference; explicitFileType = wrapper.application; includeInIndex = 0; path = BlossomVision.app; sourceTree = BUILT_PRODUCTS_DIR; };
		9C39A6452CB0C0F9003F6983 /* BlossomVisionApp.swift */ = {isa = PBXFileReference; lastKnownFileType = sourcecode.swift; path = BlossomVisionApp.swift; sourceTree = "<group>"; };
		9C39A6472CB0C0F9003F6983 /* ContentView.swift */ = {isa = PBXFileReference; lastKnownFileType = sourcecode.swift; path = ContentView.swift; sourceTree = "<group>"; };
		9C39A6492CB0C0FB003F6983 /* Assets.xcassets */ = {isa = PBXFileReference; lastKnownFileType = folder.assetcatalog; path = Assets.xcassets; sourceTree = "<group>"; };
		9C39A64C2CB0C0FB003F6983 /* Preview Assets.xcassets */ = {isa = PBXFileReference; lastKnownFileType = folder.assetcatalog; path = "Preview Assets.xcassets"; sourceTree = "<group>"; };
		9C39A6552CB21AF5003F6983 /* FlowerClassifier.mlmodel */ = {isa = PBXFileReference; lastKnownFileType = file.mlmodel; path = FlowerClassifier.mlmodel; sourceTree = "<group>"; };
		9C39A6572CB222EB003F6983 /* Info.plist */ = {isa = PBXFileReference; lastKnownFileType = text.plist; path = Info.plist; sourceTree = "<group>"; };
		9C39A6622CBDAB83003F6983 /* CameraManager.swift */ = {isa = PBXFileReference; lastKnownFileType = sourcecode.swift; path = CameraManager.swift; sourceTree = "<group>"; };
		9C39A6662CBDB533003F6983 /* Extension.swift */ = {isa = PBXFileReference; lastKnownFileType = sourcecode.swift; path = Extension.swift; sourceTree = "<group>"; };
		9C39A6682CBDBA9C003F6983 /* ViewModel.swift */ = {isa = PBXFileReference; lastKnownFileType = sourcecode.swift; path = ViewModel.swift; sourceTree = "<group>"; };
		9C39A66C2CBDC2D7003F6983 /* .gitignore */ = {isa = PBXFileReference; lastKnownFileType = text; path = .gitignore; sourceTree = "<group>"; };
		9C39A66E2CC0BC7F003F6983 /* PredictView.swift */ = {isa = PBXFileReference; lastKnownFileType = sourcecode.swift; path = PredictView.swift; sourceTree = "<group>"; };
/* End PBXFileReference section */

/* Begin PBXFrameworksBuildPhase section */
		9C39A63F2CB0C0F9003F6983 /* Frameworks */ = {
			isa = PBXFrameworksBuildPhase;
			buildActionMask = 2147483647;
			files = (
			);
			runOnlyForDeploymentPostprocessing = 0;
		};
/* End PBXFrameworksBuildPhase section */

/* Begin PBXGroup section */
		9C39A6392CB0C0F9003F6983 = {
			isa = PBXGroup;
			children = (
				9C39A6442CB0C0F9003F6983 /* BlossomVision */,
				9C39A6432CB0C0F9003F6983 /* Products */,
			);
			sourceTree = "<group>";
		};
		9C39A6432CB0C0F9003F6983 /* Products */ = {
			isa = PBXGroup;
			children = (
				9C39A6422CB0C0F9003F6983 /* BlossomVision.app */,
			);
			name = Products;
			sourceTree = "<group>";
		};
		9C39A6442CB0C0F9003F6983 /* BlossomVision */ = {
			isa = PBXGroup;
			children = (
				9C39A6452CB0C0F9003F6983 /* BlossomVisionApp.swift */,
				9C972EA22CC2C0DF007EA07E /* Services */,
				9C972EA12CC2C0D8007EA07E /* Model */,
				9C972EA02CC2C0D3007EA07E /* Views */,
				9C972E9F2CC2C0CC007EA07E /* ViewModel */,
				9C39A6572CB222EB003F6983 /* Info.plist */,
				9C39A6492CB0C0FB003F6983 /* Assets.xcassets */,
				9C39A64B2CB0C0FB003F6983 /* Preview Content */,
				9C39A66C2CBDC2D7003F6983 /* .gitignore */,
			);
			path = BlossomVision;
			sourceTree = "<group>";
		};
		9C39A64B2CB0C0FB003F6983 /* Preview Content */ = {
			isa = PBXGroup;
			children = (
				9C39A64C2CB0C0FB003F6983 /* Preview Assets.xcassets */,
			);
			path = "Preview Content";
			sourceTree = "<group>";
		};
		9C972E9F2CC2C0CC007EA07E /* ViewModel */ = {
			isa = PBXGroup;
			children = (
				9C39A6682CBDBA9C003F6983 /* ViewModel.swift */,
			);
			path = ViewModel;
			sourceTree = "<group>";
		};
		9C972EA02CC2C0D3007EA07E /* Views */ = {
			isa = PBXGroup;
			children = (
				9C39A66E2CC0BC7F003F6983 /* PredictView.swift */,
				9C39A6472CB0C0F9003F6983 /* ContentView.swift */,
			);
			path = Views;
			sourceTree = "<group>";
		};
		9C972EA12CC2C0D8007EA07E /* Model */ = {
			isa = PBXGroup;
			children = (
			);
			path = Model;
			sourceTree = "<group>";
		};
		9C972EA22CC2C0DF007EA07E /* Services */ = {
			isa = PBXGroup;
			children = (
				9C39A6552CB21AF5003F6983 /* FlowerClassifier.mlmodel */,
				9C39A6662CBDB533003F6983 /* Extension.swift */,
				9C39A6622CBDAB83003F6983 /* CameraManager.swift */,
			);
			path = Services;
			sourceTree = "<group>";
		};
/* End PBXGroup section */

/* Begin PBXNativeTarget section */
		9C39A6412CB0C0F9003F6983 /* BlossomVision */ = {
			isa = PBXNativeTarget;
			buildConfigurationList = 9C39A6502CB0C0FB003F6983 /* Build configuration list for PBXNativeTarget "BlossomVision" */;
			buildPhases = (
				9C39A63E2CB0C0F9003F6983 /* Sources */,
				9C39A63F2CB0C0F9003F6983 /* Frameworks */,
				9C39A6402CB0C0F9003F6983 /* Resources */,
			);
			buildRules = (
			);
			dependencies = (
			);
			name = BlossomVision;
			productName = BlossomVision;
			productReference = 9C39A6422CB0C0F9003F6983 /* BlossomVision.app */;
			productType = "com.apple.product-type.application";
		};
/* End PBXNativeTarget section */

/* Begin PBXProject section */
		9C39A63A2CB0C0F9003F6983 /* Project object */ = {
			isa = PBXProject;
			attributes = {
				BuildIndependentTargetsInParallel = 1;
				LastSwiftUpdateCheck = 1540;
				LastUpgradeCheck = 1540;
				TargetAttributes = {
					9C39A6412CB0C0F9003F6983 = {
						CreatedOnToolsVersion = 15.4;
					};
				};
			};
			buildConfigurationList = 9C39A63D2CB0C0F9003F6983 /* Build configuration list for PBXProject "BlossomVision" */;
			compatibilityVersion = "Xcode 14.0";
			developmentRegion = en;
			hasScannedForEncodings = 0;
			knownRegions = (
				en,
				Base,
			);
			mainGroup = 9C39A6392CB0C0F9003F6983;
			productRefGroup = 9C39A6432CB0C0F9003F6983 /* Products */;
			projectDirPath = "";
			projectRoot = "";
			targets = (
				9C39A6412CB0C0F9003F6983 /* BlossomVision */,
			);
		};
/* End PBXProject section */

/* Begin PBXResourcesBuildPhase section */
		9C39A6402CB0C0F9003F6983 /* Resources */ = {
			isa = PBXResourcesBuildPhase;
			buildActionMask = 2147483647;
			files = (
				9C39A64D2CB0C0FB003F6983 /* Preview Assets.xcassets in Resources */,
				9C39A66D2CBDC2D7003F6983 /* .gitignore in Resources */,
				9C39A64A2CB0C0FB003F6983 /* Assets.xcassets in Resources */,
			);
			runOnlyForDeploymentPostprocessing = 0;
		};
/* End PBXResourcesBuildPhase section */

/* Begin PBXSourcesBuildPhase section */
		9C39A63E2CB0C0F9003F6983 /* Sources */ = {
			isa = PBXSourcesBuildPhase;
			buildActionMask = 2147483647;
			files = (
				9C39A6672CBDB533003F6983 /* Extension.swift in Sources */,
				9C39A66F2CC0BC7F003F6983 /* PredictView.swift in Sources */,
				9C39A6562CB21AF5003F6983 /* FlowerClassifier.mlmodel in Sources */,
				9C39A6482CB0C0F9003F6983 /* ContentView.swift in Sources */,
				9C39A6632CBDAB83003F6983 /* CameraManager.swift in Sources */,
				9C39A6692CBDBA9C003F6983 /* ViewModel.swift in Sources */,
				9C39A6462CB0C0F9003F6983 /* BlossomVisionApp.swift in Sources */,
			);
			runOnlyForDeploymentPostprocessing = 0;
		};
/* End PBXSourcesBuildPhase section */

/* Begin XCBuildConfiguration section */
		9C39A64E2CB0C0FB003F6983 /* Debug */ = {
			isa = XCBuildConfiguration;
			buildSettings = {
				ALWAYS_SEARCH_USER_PATHS = NO;
				ASSETCATALOG_COMPILER_GENERATE_SWIFT_ASSET_SYMBOL_EXTENSIONS = YES;
				CLANG_ANALYZER_NONNULL = YES;
				CLANG_ANALYZER_NUMBER_OBJECT_CONVERSION = YES_AGGRESSIVE;
				CLANG_CXX_LANGUAGE_STANDARD = "gnu++20";
				CLANG_ENABLE_MODULES = YES;
				CLANG_ENABLE_OBJC_ARC = YES;
				CLANG_ENABLE_OBJC_WEAK = YES;
				CLANG_WARN_BLOCK_CAPTURE_AUTORELEASING = YES;
				CLANG_WARN_BOOL_CONVERSION = YES;
				CLANG_WARN_COMMA = YES;
				CLANG_WARN_CONSTANT_CONVERSION = YES;
				CLANG_WARN_DEPRECATED_OBJC_IMPLEMENTATIONS = YES;
				CLANG_WARN_DIRECT_OBJC_ISA_USAGE = YES_ERROR;
				CLANG_WARN_DOCUMENTATION_COMMENTS = YES;
				CLANG_WARN_EMPTY_BODY = YES;
				CLANG_WARN_ENUM_CONVERSION = YES;
				CLANG_WARN_INFINITE_RECURSION = YES;
				CLANG_WARN_INT_CONVERSION = YES;
				CLANG_WARN_NON_LITERAL_NULL_CONVERSION = YES;
				CLANG_WARN_OBJC_IMPLICIT_RETAIN_SELF = YES;
				CLANG_WARN_OBJC_LITERAL_CONVERSION = YES;
				CLANG_WARN_OBJC_ROOT_CLASS = YES_ERROR;
				CLANG_WARN_QUOTED_INCLUDE_IN_FRAMEWORK_HEADER = YES;
				CLANG_WARN_RANGE_LOOP_ANALYSIS = YES;
				CLANG_WARN_STRICT_PROTOTYPES = YES;
				CLANG_WARN_SUSPICIOUS_MOVE = YES;
				CLANG_WARN_UNGUARDED_AVAILABILITY = YES_AGGRESSIVE;
				CLANG_WARN_UNREACHABLE_CODE = YES;
				CLANG_WARN__DUPLICATE_METHOD_MATCH = YES;
				COPY_PHASE_STRIP = NO;
				DEBUG_INFORMATION_FORMAT = dwarf;
				ENABLE_STRICT_OBJC_MSGSEND = YES;
				ENABLE_TESTABILITY = YES;
				ENABLE_USER_SCRIPT_SANDBOXING = YES;
				GCC_C_LANGUAGE_STANDARD = gnu17;
				GCC_DYNAMIC_NO_PIC = NO;
				GCC_NO_COMMON_BLOCKS = YES;
				GCC_OPTIMIZATION_LEVEL = 0;
				GCC_PREPROCESSOR_DEFINITIONS = (
					"DEBUG=1",
					"$(inherited)",
				);
				GCC_WARN_64_TO_32_BIT_CONVERSION = YES;
				GCC_WARN_ABOUT_RETURN_TYPE = YES_ERROR;
				GCC_WARN_UNDECLARED_SELECTOR = YES;
				GCC_WARN_UNINITIALIZED_AUTOS = YES_AGGRESSIVE;
				GCC_WARN_UNUSED_FUNCTION = YES;
				GCC_WARN_UNUSED_VARIABLE = YES;
				IPHONEOS_DEPLOYMENT_TARGET = 17.5;
				LOCALIZATION_PREFERS_STRING_CATALOGS = YES;
				MTL_ENABLE_DEBUG_INFO = INCLUDE_SOURCE;
				MTL_FAST_MATH = YES;
				ONLY_ACTIVE_ARCH = YES;
				SDKROOT = iphoneos;
				SWIFT_ACTIVE_COMPILATION_CONDITIONS = "DEBUG $(inherited)";
				SWIFT_OPTIMIZATION_LEVEL = "-Onone";
			};
			name = Debug;
		};
		9C39A64F2CB0C0FB003F6983 /* Release */ = {
			isa = XCBuildConfiguration;
			buildSettings = {
				ALWAYS_SEARCH_USER_PATHS = NO;
				ASSETCATALOG_COMPILER_GENERATE_SWIFT_ASSET_SYMBOL_EXTENSIONS = YES;
				CLANG_ANALYZER_NONNULL = YES;
				CLANG_ANALYZER_NUMBER_OBJECT_CONVERSION = YES_AGGRESSIVE;
				CLANG_CXX_LANGUAGE_STANDARD = "gnu++20";
				CLANG_ENABLE_MODULES = YES;
				CLANG_ENABLE_OBJC_ARC = YES;
				CLANG_ENABLE_OBJC_WEAK = YES;
				CLANG_WARN_BLOCK_CAPTURE_AUTORELEASING = YES;
				CLANG_WARN_BOOL_CONVERSION = YES;
				CLANG_WARN_COMMA = YES;
				CLANG_WARN_CONSTANT_CONVERSION = YES;
				CLANG_WARN_DEPRECATED_OBJC_IMPLEMENTATIONS = YES;
				CLANG_WARN_DIRECT_OBJC_ISA_USAGE = YES_ERROR;
				CLANG_WARN_DOCUMENTATION_COMMENTS = YES;
				CLANG_WARN_EMPTY_BODY = YES;
				CLANG_WARN_ENUM_CONVERSION = YES;
				CLANG_WARN_INFINITE_RECURSION = YES;
				CLANG_WARN_INT_CONVERSION = YES;
				CLANG_WARN_NON_LITERAL_NULL_CONVERSION = YES;
				CLANG_WARN_OBJC_IMPLICIT_RETAIN_SELF = YES;
				CLANG_WARN_OBJC_LITERAL_CONVERSION = YES;
				CLANG_WARN_OBJC_ROOT_CLASS = YES_ERROR;
				CLANG_WARN_QUOTED_INCLUDE_IN_FRAMEWORK_HEADER = YES;
				CLANG_WARN_RANGE_LOOP_ANALYSIS = YES;
				CLANG_WARN_STRICT_PROTOTYPES = YES;
				CLANG_WARN_SUSPICIOUS_MOVE = YES;
				CLANG_WARN_UNGUARDED_AVAILABILITY = YES_AGGRESSIVE;
				CLANG_WARN_UNREACHABLE_CODE = YES;
				CLANG_WARN__DUPLICATE_METHOD_MATCH = YES;
				COPY_PHASE_STRIP = NO;
				DEBUG_INFORMATION_FORMAT = "dwarf-with-dsym";
				ENABLE_NS_ASSERTIONS = NO;
				ENABLE_STRICT_OBJC_MSGSEND = YES;
				ENABLE_USER_SCRIPT_SANDBOXING = YES;
				GCC_C_LANGUAGE_STANDARD = gnu17;
				GCC_NO_COMMON_BLOCKS = YES;
				GCC_WARN_64_TO_32_BIT_CONVERSION = YES;
				GCC_WARN_ABOUT_RETURN_TYPE = YES_ERROR;
				GCC_WARN_UNDECLARED_SELECTOR = YES;
				GCC_WARN_UNINITIALIZED_AUTOS = YES_AGGRESSIVE;
				GCC_WARN_UNUSED_FUNCTION = YES;
				GCC_WARN_UNUSED_VARIABLE = YES;
				IPHONEOS_DEPLOYMENT_TARGET = 17.5;
				LOCALIZATION_PREFERS_STRING_CATALOGS = YES;
				MTL_ENABLE_DEBUG_INFO = NO;
				MTL_FAST_MATH = YES;
				SDKROOT = iphoneos;
				SWIFT_COMPILATION_MODE = wholemodule;
				VALIDATE_PRODUCT = YES;
			};
			name = Release;
		};
		9C39A6512CB0C0FB003F6983 /* Debug */ = {
			isa = XCBuildConfiguration;
			buildSettings = {
				ASSETCATALOG_COMPILER_APPICON_NAME = AppIcon;
				ASSETCATALOG_COMPILER_GLOBAL_ACCENT_COLOR_NAME = AccentColor;
				CODE_SIGN_STYLE = Automatic;
				CURRENT_PROJECT_VERSION = 1;
				DEVELOPMENT_ASSET_PATHS = "\"BlossomVision/Preview Content\"";
				DEVELOPMENT_TEAM = B6A7VXZ86X;
				ENABLE_PREVIEWS = YES;
				GENERATE_INFOPLIST_FILE = YES;
				INFOPLIST_FILE = BlossomVision/Info.plist;
				INFOPLIST_KEY_LSApplicationCategoryType = "";
				INFOPLIST_KEY_NSCameraUsageDescription = "Access to camera need to recognize flowers";
				INFOPLIST_KEY_UIApplicationSceneManifest_Generation = YES;
				INFOPLIST_KEY_UIApplicationSupportsIndirectInputEvents = YES;
				INFOPLIST_KEY_UILaunchScreen_Generation = YES;
				INFOPLIST_KEY_UISupportedInterfaceOrientations = UIInterfaceOrientationPortrait;
				LD_RUNPATH_SEARCH_PATHS = (
					"$(inherited)",
					"@executable_path/Frameworks",
				);
				MARKETING_VERSION = 1.0;
				PRODUCT_BUNDLE_IDENTIFIER = com.PritamSapkota.BlossomVision;
				PRODUCT_NAME = "$(TARGET_NAME)";
				SWIFT_EMIT_LOC_STRINGS = YES;
				SWIFT_VERSION = 5.0;
				TARGETED_DEVICE_FAMILY = "1,2";
			};
			name = Debug;
		};
		9C39A6522CB0C0FB003F6983 /* Release */ = {
			isa = XCBuildConfiguration;
			buildSettings = {
				ASSETCATALOG_COMPILER_APPICON_NAME = AppIcon;
				ASSETCATALOG_COMPILER_GLOBAL_ACCENT_COLOR_NAME = AccentColor;
				CODE_SIGN_STYLE = Automatic;
				CURRENT_PROJECT_VERSION = 1;
				DEVELOPMENT_ASSET_PATHS = "\"BlossomVision/Preview Content\"";
				DEVELOPMENT_TEAM = B6A7VXZ86X;
				ENABLE_PREVIEWS = YES;
				GENERATE_INFOPLIST_FILE = YES;
				INFOPLIST_FILE = BlossomVision/Info.plist;
				INFOPLIST_KEY_LSApplicationCategoryType = "";
				INFOPLIST_KEY_NSCameraUsageDescription = "Access to camera need to recognize flowers";
				INFOPLIST_KEY_UIApplicationSceneManifest_Generation = YES;
				INFOPLIST_KEY_UIApplicationSupportsIndirectInputEvents = YES;
				INFOPLIST_KEY_UILaunchScreen_Generation = YES;
				INFOPLIST_KEY_UISupportedInterfaceOrientations = UIInterfaceOrientationPortrait;
				LD_RUNPATH_SEARCH_PATHS = (
					"$(inherited)",
					"@executable_path/Frameworks",
				);
				MARKETING_VERSION = 1.0;
				PRODUCT_BUNDLE_IDENTIFIER = com.PritamSapkota.BlossomVision;
				PRODUCT_NAME = "$(TARGET_NAME)";
				SWIFT_EMIT_LOC_STRINGS = YES;
				SWIFT_VERSION = 5.0;
				TARGETED_DEVICE_FAMILY = "1,2";
			};
			name = Release;
		};
/* End XCBuildConfiguration section */

/* Begin XCConfigurationList section */
		9C39A63D2CB0C0F9003F6983 /* Build configuration list for PBXProject "BlossomVision" */ = {
			isa = XCConfigurationList;
			buildConfigurations = (
				9C39A64E2CB0C0FB003F6983 /* Debug */,
				9C39A64F2CB0C0FB003F6983 /* Release */,
			);
			defaultConfigurationIsVisible = 0;
			defaultConfigurationName = Release;
		};
		9C39A6502CB0C0FB003F6983 /* Build configuration list for PBXNativeTarget "BlossomVision" */ = {
			isa = XCConfigurationList;
			buildConfigurations = (
				9C39A6512CB0C0FB003F6983 /* Debug */,
				9C39A6522CB0C0FB003F6983 /* Release */,
			);
			defaultConfigurationIsVisible = 0;
			defaultConfigurationName = Release;
		};
/* End XCConfigurationList section */
	};
	rootObject = 9C39A63A2CB0C0F9003F6983 /* Project object */;
}
